
Microsoft Visual Studio Solution File, Format Version 12.00
# Visual Studio 15
VisualStudioVersion = 15.0.27130.2010
MinimumVisualStudioVersion = 10.0.40219.1
Project("{FAE04EC0-301F-11D3-BF4B-00C04F79EFBC}") = "EmpServConnToSSMS3", "EmpServConnToSSMS3\EmpServConnToSSMS3.csproj", "{48F3D11F-C61C-4787-AAAC-2B5A51E23239}"
EndProject
Project("{FAE04EC0-301F-11D3-BF4B-00C04F79EFBC}") = "EmDataAccess", "EmDataAccess\EmDataAccess.csproj", "{F648E3A6-C36C-47B2-A3FA-ACB575078962}"
EndProject
Global
	GlobalSection(SolutionConfigurationPlatforms) = preSolution
		Debug|Any CPU = Debug|Any CPU
		Release|Any CPU = Release|Any CPU
	EndGlobalSection
	GlobalSection(ProjectConfigurationPlatforms) = postSolution
		{48F3D11F-C61C-4787-AAAC-2B5A51E23239}.Debug|Any CPU.ActiveCfg = Debug|Any CPU
		{48F3D11F-C61C-4787-AAAC-2B5A51E23239}.Debug|Any CPU.Build.0 = Debug|Any CPU
		{48F3D11F-C61C-4787-AAAC-2B5A51E23239}.Release|Any CPU.ActiveCfg = Release|Any CPU
		{48F3D11F-C61C-4787-AAAC-2B5A51E23239}.Release|Any CPU.Build.0 = Release|Any CPU
		{F648E3A6-C36C-47B2-A3FA-ACB575078962}.Debug|Any CPU.ActiveCfg = Debug|Any CPU
		{F648E3A6-C36C-47B2-A3FA-ACB575078962}.Debug|Any CPU.Build.0 = Debug|Any CPU
		{F648E3A6-C36C-47B2-A3FA-ACB575078962}.Release|Any CPU.ActiveCfg = Release|Any CPU
		{F648E3A6-C36C-47B2-A3FA-ACB575078962}.Release|Any CPU.Build.0 = Release|Any CPU
	EndGlobalSection
	GlobalSection(SolutionProperties) = preSolution
		HideSolutionNode = FALSE
	EndGlobalSection
	GlobalSection(ExtensibilityGlobals) = postSolution
		SolutionGuid = {A032E221-B4D5-4FDB-863B-C3E7F7AF7740}
	EndGlobalSection
EndGlobal
