
Microsoft Visual Studio Solution File, Format Version 12.00
# Visual Studio 15
VisualStudioVersion = 15.0.27130.2010
MinimumVisualStudioVersion = 10.0.40219.1
Project("{FAE04EC0-301F-11D3-BF4B-00C04F79EFBC}") = "EmpServiceConnToSSMS2", "EmpServiceConnToSSMS2\EmpServiceConnToSSMS2.csproj", "{5C200DEA-EB06-4552-AA18-3283EB64E74F}"
EndProject
Project("{FAE04EC0-301F-11D3-BF4B-00C04F79EFBC}") = "EmpDataAccess", "EmpDataAccess\EmpDataAccess.csproj", "{C130DD36-F5AE-49FE-B54E-BA1269D3312D}"
EndProject
Global
	GlobalSection(SolutionConfigurationPlatforms) = preSolution
		Debug|Any CPU = Debug|Any CPU
		Release|Any CPU = Release|Any CPU
	EndGlobalSection
	GlobalSection(ProjectConfigurationPlatforms) = postSolution
		{5C200DEA-EB06-4552-AA18-3283EB64E74F}.Debug|Any CPU.ActiveCfg = Debug|Any CPU
		{5C200DEA-EB06-4552-AA18-3283EB64E74F}.Debug|Any CPU.Build.0 = Debug|Any CPU
		{5C200DEA-EB06-4552-AA18-3283EB64E74F}.Release|Any CPU.ActiveCfg = Release|Any CPU
		{5C200DEA-EB06-4552-AA18-3283EB64E74F}.Release|Any CPU.Build.0 = Release|Any CPU
		{C130DD36-F5AE-49FE-B54E-BA1269D3312D}.Debug|Any CPU.ActiveCfg = Debug|Any CPU
		{C130DD36-F5AE-49FE-B54E-BA1269D3312D}.Debug|Any CPU.Build.0 = Debug|Any CPU
		{C130DD36-F5AE-49FE-B54E-BA1269D3312D}.Release|Any CPU.ActiveCfg = Release|Any CPU
		{C130DD36-F5AE-49FE-B54E-BA1269D3312D}.Release|Any CPU.Build.0 = Release|Any CPU
	EndGlobalSection
	GlobalSection(SolutionProperties) = preSolution
		HideSolutionNode = FALSE
	EndGlobalSection
	GlobalSection(ExtensibilityGlobals) = postSolution
		SolutionGuid = {5F0DF408-927A-4B48-A650-591AB475278C}
	EndGlobalSection
EndGlobal
